// !$*UTF8*$!
{
	archiveVersion = 1;
	classes = {
	};
	objectVersion = 50;
	objects = {

/* Begin PBXBuildFile section */
		4B871B3433BF300E587A1824 /* Pods_PMSTests.framework in Frameworks */ = {isa = PBXBuildFile; fileRef = 163768674B0C28767B1FF501 /* Pods_PMSTests.framework */; };
		AA33F242B9085A3285F60C2D /* Pods_PMS_PMSUITests.framework in Frameworks */ = {isa = PBXBuildFile; fileRef = A61A41D34681701356E74BF8 /* Pods_PMS_PMSUITests.framework */; };
		D91F336C262DB32F00E87F47 /* MealDI.swift in Sources */ = {isa = PBXBuildFile; fileRef = D91F336B262DB32F00E87F47 /* MealDI.swift */; };
		D91F338D262DC04800E87F47 /* IntroduceDI.swift in Sources */ = {isa = PBXBuildFile; fileRef = D91F338C262DC04800E87F47 /* IntroduceDI.swift */; };
		D94AC77E2524D2D0002CCB3A /* SceneDelegate.swift in Sources */ = {isa = PBXBuildFile; fileRef = D94AC77D2524D2D0002CCB3A /* SceneDelegate.swift */; };
		D94AC7822524D2D3002CCB3A /* Assets.xcassets in Resources */ = {isa = PBXBuildFile; fileRef = D94AC7812524D2D3002CCB3A /* Assets.xcassets */; };
		D94AC7852524D2D3002CCB3A /* Preview Assets.xcassets in Resources */ = {isa = PBXBuildFile; fileRef = D94AC7842524D2D3002CCB3A /* Preview Assets.xcassets */; };
		D94AC7882524D2D3002CCB3A /* LaunchScreen.storyboard in Resources */ = {isa = PBXBuildFile; fileRef = D94AC7862524D2D3002CCB3A /* LaunchScreen.storyboard */; };
		D94AC7932524D2D3002CCB3A /* PMSTests.swift in Sources */ = {isa = PBXBuildFile; fileRef = D94AC7922524D2D3002CCB3A /* PMSTests.swift */; };
		D94AC79E2524D2D3002CCB3A /* PMSUITests.swift in Sources */ = {isa = PBXBuildFile; fileRef = D94AC79D2524D2D3002CCB3A /* PMSUITests.swift */; };
		D9721F6A25F8BA4B00EB92E8 /* SnapshotHelper.swift in Sources */ = {isa = PBXBuildFile; fileRef = D9721F6925F8BA4B00EB92E8 /* SnapshotHelper.swift */; };
		D97B763E2631370300C911A1 /* data.framework in Frameworks */ = {isa = PBXBuildFile; fileRef = D97B763D2631370300C911A1 /* data.framework */; };
		D97B76402631370300C911A1 /* domain.framework in Frameworks */ = {isa = PBXBuildFile; fileRef = D97B763F2631370300C911A1 /* domain.framework */; };
		D97B76422631370300C911A1 /* Pods_PMS.framework in Frameworks */ = {isa = PBXBuildFile; fileRef = D97B76412631370300C911A1 /* Pods_PMS.framework */; };
		D97B76442631370300C911A1 /* presentation.framework in Frameworks */ = {isa = PBXBuildFile; fileRef = D97B76432631370300C911A1 /* presentation.framework */; };
		D97B766A26316ABB00C911A1 /* NoticeDI.swift in Sources */ = {isa = PBXBuildFile; fileRef = D97B766926316ABB00C911A1 /* NoticeDI.swift */; };
		D9A6F8B226329D0D00F1E61D /* CalendarDI.swift in Sources */ = {isa = PBXBuildFile; fileRef = D9A6F8B126329D0D00F1E61D /* CalendarDI.swift */; };
		D9BD706E2532A02100186C12 /* ContentView.swift in Sources */ = {isa = PBXBuildFile; fileRef = D9BD706D2532A02100186C12 /* ContentView.swift */; };
		D9CEEBFE262C5BF1002F9566 /* AppDI.swift in Sources */ = {isa = PBXBuildFile; fileRef = D9CEEBFD262C5BF1002F9566 /* AppDI.swift */; };
		D9CEEC09262C5C5C002F9566 /* MypageDI.swift in Sources */ = {isa = PBXBuildFile; fileRef = D9CEEC08262C5C5C002F9566 /* MypageDI.swift */; };
		D9CF9185262D1FC1000A37C9 /* AppDelegate.swift in Sources */ = {isa = PBXBuildFile; fileRef = D9CF9184262D1FC1000A37C9 /* AppDelegate.swift */; };
		D9CF91BC262D50D3000A37C9 /* LoginDI.swift in Sources */ = {isa = PBXBuildFile; fileRef = D9CF91BB262D50D3000A37C9 /* LoginDI.swift */; };
		D9D8927825FF4A6800A1D5DC /* Entitlements.plist in Resources */ = {isa = PBXBuildFile; fileRef = D9D8927725FF4A6800A1D5DC /* Entitlements.plist */; };
/* End PBXBuildFile section */

/* Begin PBXContainerItemProxy section */
		D94AC78F2524D2D3002CCB3A /* PBXContainerItemProxy */ = {
			isa = PBXContainerItemProxy;
			containerPortal = D94AC7702524D2D0002CCB3A /* Project object */;
			proxyType = 1;
			remoteGlobalIDString = D94AC7772524D2D0002CCB3A;
			remoteInfo = PMS;
		};
		D94AC79A2524D2D3002CCB3A /* PBXContainerItemProxy */ = {
			isa = PBXContainerItemProxy;
			containerPortal = D94AC7702524D2D0002CCB3A /* Project object */;
			proxyType = 1;
			remoteGlobalIDString = D94AC7772524D2D0002CCB3A;
			remoteInfo = PMS;
		};
/* End PBXContainerItemProxy section */

/* Begin PBXCopyFilesBuildPhase section */
		D9BE8C9E262FE252002664E1 /* Embed Frameworks */ = {
			isa = PBXCopyFilesBuildPhase;
			buildActionMask = 2147483647;
			dstPath = "";
			dstSubfolderSpec = 10;
			files = (
			);
			name = "Embed Frameworks";
			runOnlyForDeploymentPostprocessing = 0;
		};
/* End PBXCopyFilesBuildPhase section */

/* Begin PBXFileReference section */
		00EE135D65D1B59C252F8E67 /* Pods-PMSTests.debug.xcconfig */ = {isa = PBXFileReference; includeInIndex = 1; lastKnownFileType = text.xcconfig; name = "Pods-PMSTests.debug.xcconfig"; path = "Target Support Files/Pods-PMSTests/Pods-PMSTests.debug.xcconfig"; sourceTree = "<group>"; };
		163768674B0C28767B1FF501 /* Pods_PMSTests.framework */ = {isa = PBXFileReference; explicitFileType = wrapper.framework; includeInIndex = 0; path = Pods_PMSTests.framework; sourceTree = BUILT_PRODUCTS_DIR; };
		506372177945A001976672FE /* Pods_PMS.framework */ = {isa = PBXFileReference; explicitFileType = wrapper.framework; includeInIndex = 0; path = Pods_PMS.framework; sourceTree = BUILT_PRODUCTS_DIR; };
		5C7E763583EB67608915121F /* Pods-PMS.debug.xcconfig */ = {isa = PBXFileReference; includeInIndex = 1; lastKnownFileType = text.xcconfig; name = "Pods-PMS.debug.xcconfig"; path = "Target Support Files/Pods-PMS/Pods-PMS.debug.xcconfig"; sourceTree = "<group>"; };
		7F79DC1AAD2D755376E03DE6 /* Pods-PMS-PMSUITests.release.xcconfig */ = {isa = PBXFileReference; includeInIndex = 1; lastKnownFileType = text.xcconfig; name = "Pods-PMS-PMSUITests.release.xcconfig"; path = "Target Support Files/Pods-PMS-PMSUITests/Pods-PMS-PMSUITests.release.xcconfig"; sourceTree = "<group>"; };
		A61A41D34681701356E74BF8 /* Pods_PMS_PMSUITests.framework */ = {isa = PBXFileReference; explicitFileType = wrapper.framework; includeInIndex = 0; path = Pods_PMS_PMSUITests.framework; sourceTree = BUILT_PRODUCTS_DIR; };
		D897394764333B2329DD2A97 /* Pods-PMSTests.release.xcconfig */ = {isa = PBXFileReference; includeInIndex = 1; lastKnownFileType = text.xcconfig; name = "Pods-PMSTests.release.xcconfig"; path = "Target Support Files/Pods-PMSTests/Pods-PMSTests.release.xcconfig"; sourceTree = "<group>"; };
		D91F336B262DB32F00E87F47 /* MealDI.swift */ = {isa = PBXFileReference; lastKnownFileType = sourcecode.swift; path = MealDI.swift; sourceTree = "<group>"; };
		D91F338C262DC04800E87F47 /* IntroduceDI.swift */ = {isa = PBXFileReference; lastKnownFileType = sourcecode.swift; path = IntroduceDI.swift; sourceTree = "<group>"; };
		D94AC7782524D2D0002CCB3A /* PMS.app */ = {isa = PBXFileReference; explicitFileType = wrapper.application; includeInIndex = 0; path = PMS.app; sourceTree = BUILT_PRODUCTS_DIR; };
		D94AC77D2524D2D0002CCB3A /* SceneDelegate.swift */ = {isa = PBXFileReference; lastKnownFileType = sourcecode.swift; path = SceneDelegate.swift; sourceTree = "<group>"; };
		D94AC7812524D2D3002CCB3A /* Assets.xcassets */ = {isa = PBXFileReference; lastKnownFileType = folder.assetcatalog; path = Assets.xcassets; sourceTree = "<group>"; };
		D94AC7842524D2D3002CCB3A /* Preview Assets.xcassets */ = {isa = PBXFileReference; lastKnownFileType = folder.assetcatalog; path = "Preview Assets.xcassets"; sourceTree = "<group>"; };
		D94AC7872524D2D3002CCB3A /* Base */ = {isa = PBXFileReference; lastKnownFileType = file.storyboard; name = Base; path = Base.lproj/LaunchScreen.storyboard; sourceTree = "<group>"; };
		D94AC7892524D2D3002CCB3A /* Info.plist */ = {isa = PBXFileReference; lastKnownFileType = text.plist.xml; path = Info.plist; sourceTree = "<group>"; };
		D94AC78E2524D2D3002CCB3A /* PMSTests.xctest */ = {isa = PBXFileReference; explicitFileType = wrapper.cfbundle; includeInIndex = 0; path = PMSTests.xctest; sourceTree = BUILT_PRODUCTS_DIR; };
		D94AC7922524D2D3002CCB3A /* PMSTests.swift */ = {isa = PBXFileReference; lastKnownFileType = sourcecode.swift; path = PMSTests.swift; sourceTree = "<group>"; };
		D94AC7942524D2D3002CCB3A /* Info.plist */ = {isa = PBXFileReference; lastKnownFileType = text.plist.xml; path = Info.plist; sourceTree = "<group>"; };
		D94AC7992524D2D3002CCB3A /* PMSUITests.xctest */ = {isa = PBXFileReference; explicitFileType = wrapper.cfbundle; includeInIndex = 0; path = PMSUITests.xctest; sourceTree = BUILT_PRODUCTS_DIR; };
		D94AC79D2524D2D3002CCB3A /* PMSUITests.swift */ = {isa = PBXFileReference; lastKnownFileType = sourcecode.swift; path = PMSUITests.swift; sourceTree = "<group>"; };
		D94AC79F2524D2D3002CCB3A /* Info.plist */ = {isa = PBXFileReference; lastKnownFileType = text.plist.xml; path = Info.plist; sourceTree = "<group>"; };
		D95CDFA725F90FEE00BEC04A /* PMS.entitlements */ = {isa = PBXFileReference; lastKnownFileType = text.plist.entitlements; path = PMS.entitlements; sourceTree = "<group>"; };
		D9721F6925F8BA4B00EB92E8 /* SnapshotHelper.swift */ = {isa = PBXFileReference; fileEncoding = 4; lastKnownFileType = sourcecode.swift; name = SnapshotHelper.swift; path = fastlane/SnapshotHelper.swift; sourceTree = SOURCE_ROOT; };
		D97B763D2631370300C911A1 /* data.framework */ = {isa = PBXFileReference; explicitFileType = wrapper.framework; path = data.framework; sourceTree = BUILT_PRODUCTS_DIR; };
		D97B763F2631370300C911A1 /* domain.framework */ = {isa = PBXFileReference; explicitFileType = wrapper.framework; path = domain.framework; sourceTree = BUILT_PRODUCTS_DIR; };
		D97B76412631370300C911A1 /* Pods_PMS.framework */ = {isa = PBXFileReference; explicitFileType = wrapper.framework; path = Pods_PMS.framework; sourceTree = BUILT_PRODUCTS_DIR; };
		D97B76432631370300C911A1 /* presentation.framework */ = {isa = PBXFileReference; explicitFileType = wrapper.framework; path = presentation.framework; sourceTree = BUILT_PRODUCTS_DIR; };
		D97B766926316ABB00C911A1 /* NoticeDI.swift */ = {isa = PBXFileReference; lastKnownFileType = sourcecode.swift; path = NoticeDI.swift; sourceTree = "<group>"; };
		D9A6F8B126329D0D00F1E61D /* CalendarDI.swift */ = {isa = PBXFileReference; lastKnownFileType = sourcecode.swift; path = CalendarDI.swift; sourceTree = "<group>"; };
		D9BD706D2532A02100186C12 /* ContentView.swift */ = {isa = PBXFileReference; lastKnownFileType = sourcecode.swift; path = ContentView.swift; sourceTree = "<group>"; };
		D9BE8CC52630F727002664E1 /* data.framework */ = {isa = PBXFileReference; explicitFileType = wrapper.framework; path = data.framework; sourceTree = BUILT_PRODUCTS_DIR; };
		D9BE8CC72630F727002664E1 /* domain.framework */ = {isa = PBXFileReference; explicitFileType = wrapper.framework; path = domain.framework; sourceTree = BUILT_PRODUCTS_DIR; };
		D9BE8CC92630F727002664E1 /* Pods_PMS.framework */ = {isa = PBXFileReference; explicitFileType = wrapper.framework; path = Pods_PMS.framework; sourceTree = BUILT_PRODUCTS_DIR; };
		D9BE8CD82630F77F002664E1 /* presentation.framework */ = {isa = PBXFileReference; explicitFileType = wrapper.framework; path = presentation.framework; sourceTree = BUILT_PRODUCTS_DIR; };
		D9CEEBFD262C5BF1002F9566 /* AppDI.swift */ = {isa = PBXFileReference; lastKnownFileType = sourcecode.swift; path = AppDI.swift; sourceTree = "<group>"; };
		D9CEEC08262C5C5C002F9566 /* MypageDI.swift */ = {isa = PBXFileReference; lastKnownFileType = sourcecode.swift; path = MypageDI.swift; sourceTree = "<group>"; };
		D9CEECC3262C66B4002F9566 /* data.framework */ = {isa = PBXFileReference; explicitFileType = wrapper.framework; path = data.framework; sourceTree = BUILT_PRODUCTS_DIR; };
		D9CEECC9262C66B6002F9566 /* domain.framework */ = {isa = PBXFileReference; explicitFileType = wrapper.framework; path = domain.framework; sourceTree = BUILT_PRODUCTS_DIR; };
		D9CF9184262D1FC1000A37C9 /* AppDelegate.swift */ = {isa = PBXFileReference; fileEncoding = 4; lastKnownFileType = sourcecode.swift; path = AppDelegate.swift; sourceTree = "<group>"; };
		D9CF91BB262D50D3000A37C9 /* LoginDI.swift */ = {isa = PBXFileReference; lastKnownFileType = sourcecode.swift; path = LoginDI.swift; sourceTree = "<group>"; };
		D9D8927725FF4A6800A1D5DC /* Entitlements.plist */ = {isa = PBXFileReference; lastKnownFileType = text.plist.xml; path = Entitlements.plist; sourceTree = "<group>"; };
		F1725CD0E5983DECD875E0AD /* Pods-PMS.release.xcconfig */ = {isa = PBXFileReference; includeInIndex = 1; lastKnownFileType = text.xcconfig; name = "Pods-PMS.release.xcconfig"; path = "Target Support Files/Pods-PMS/Pods-PMS.release.xcconfig"; sourceTree = "<group>"; };
		FF4EF3541F2F70DDA89482A6 /* Pods-PMS-PMSUITests.debug.xcconfig */ = {isa = PBXFileReference; includeInIndex = 1; lastKnownFileType = text.xcconfig; name = "Pods-PMS-PMSUITests.debug.xcconfig"; path = "Target Support Files/Pods-PMS-PMSUITests/Pods-PMS-PMSUITests.debug.xcconfig"; sourceTree = "<group>"; };
/* End PBXFileReference section */

/* Begin PBXFrameworksBuildPhase section */
		D94AC7752524D2D0002CCB3A /* Frameworks */ = {
			isa = PBXFrameworksBuildPhase;
			buildActionMask = 2147483647;
			files = (
				D97B763E2631370300C911A1 /* data.framework in Frameworks */,
				D97B76402631370300C911A1 /* domain.framework in Frameworks */,
				D97B76422631370300C911A1 /* Pods_PMS.framework in Frameworks */,
				D97B76442631370300C911A1 /* presentation.framework in Frameworks */,
			);
			runOnlyForDeploymentPostprocessing = 0;
		};
		D94AC78B2524D2D3002CCB3A /* Frameworks */ = {
			isa = PBXFrameworksBuildPhase;
			buildActionMask = 2147483647;
			files = (
				4B871B3433BF300E587A1824 /* Pods_PMSTests.framework in Frameworks */,
			);
			runOnlyForDeploymentPostprocessing = 0;
		};
		D94AC7962524D2D3002CCB3A /* Frameworks */ = {
			isa = PBXFrameworksBuildPhase;
			buildActionMask = 2147483647;
			files = (
				AA33F242B9085A3285F60C2D /* Pods_PMS_PMSUITests.framework in Frameworks */,
			);
			runOnlyForDeploymentPostprocessing = 0;
		};
/* End PBXFrameworksBuildPhase section */

/* Begin PBXGroup section */
		323172AE16E9E0DFEE4B4C06 /* Frameworks */ = {
			isa = PBXGroup;
			children = (
				D97B763D2631370300C911A1 /* data.framework */,
				D97B763F2631370300C911A1 /* domain.framework */,
				D97B76412631370300C911A1 /* Pods_PMS.framework */,
				D97B76432631370300C911A1 /* presentation.framework */,
				D9BE8CD82630F77F002664E1 /* presentation.framework */,
				D9BE8CC52630F727002664E1 /* data.framework */,
				D9BE8CC72630F727002664E1 /* domain.framework */,
				D9BE8CC92630F727002664E1 /* Pods_PMS.framework */,
				D9CEECC9262C66B6002F9566 /* domain.framework */,
				D9CEECC3262C66B4002F9566 /* data.framework */,
				506372177945A001976672FE /* Pods_PMS.framework */,
				A61A41D34681701356E74BF8 /* Pods_PMS_PMSUITests.framework */,
				163768674B0C28767B1FF501 /* Pods_PMSTests.framework */,
			);
			name = Frameworks;
			sourceTree = "<group>";
		};
		49102F9ECE974A1DA2669A2A /* Pods */ = {
			isa = PBXGroup;
			children = (
				5C7E763583EB67608915121F /* Pods-PMS.debug.xcconfig */,
				F1725CD0E5983DECD875E0AD /* Pods-PMS.release.xcconfig */,
				FF4EF3541F2F70DDA89482A6 /* Pods-PMS-PMSUITests.debug.xcconfig */,
				7F79DC1AAD2D755376E03DE6 /* Pods-PMS-PMSUITests.release.xcconfig */,
				00EE135D65D1B59C252F8E67 /* Pods-PMSTests.debug.xcconfig */,
				D897394764333B2329DD2A97 /* Pods-PMSTests.release.xcconfig */,
			);
			path = Pods;
			sourceTree = "<group>";
		};
		D9355C252629A61100923106 /* Application */ = {
			isa = PBXGroup;
			children = (
				D9CEEBFC262C5BDB002F9566 /* DI */,
				D94AC77D2524D2D0002CCB3A /* SceneDelegate.swift */,
				D9BD706D2532A02100186C12 /* ContentView.swift */,
			);
			path = Application;
			sourceTree = "<group>";
		};
		D9355C262629A62A00923106 /* Resource */ = {
			isa = PBXGroup;
			children = (
				D9CF9184262D1FC1000A37C9 /* AppDelegate.swift */,
				D95CDFA725F90FEE00BEC04A /* PMS.entitlements */,
				D94AC7812524D2D3002CCB3A /* Assets.xcassets */,
				D94AC7862524D2D3002CCB3A /* LaunchScreen.storyboard */,
				D94AC7892524D2D3002CCB3A /* Info.plist */,
				D94AC7832524D2D3002CCB3A /* Preview Content */,
			);
			path = Resource;
			sourceTree = "<group>";
		};
		D94AC76F2524D2D0002CCB3A = {
			isa = PBXGroup;
			children = (
				D94AC77A2524D2D0002CCB3A /* PMS */,
				D94AC7912524D2D3002CCB3A /* PMSTests */,
				D94AC79C2524D2D3002CCB3A /* PMSUITests */,
				D94AC7792524D2D0002CCB3A /* Products */,
				49102F9ECE974A1DA2669A2A /* Pods */,
				323172AE16E9E0DFEE4B4C06 /* Frameworks */,
			);
			sourceTree = "<group>";
		};
		D94AC7792524D2D0002CCB3A /* Products */ = {
			isa = PBXGroup;
			children = (
				D94AC7782524D2D0002CCB3A /* PMS.app */,
				D94AC78E2524D2D3002CCB3A /* PMSTests.xctest */,
				D94AC7992524D2D3002CCB3A /* PMSUITests.xctest */,
			);
			name = Products;
			sourceTree = "<group>";
		};
		D94AC77A2524D2D0002CCB3A /* PMS */ = {
			isa = PBXGroup;
			children = (
				D9355C262629A62A00923106 /* Resource */,
				D9355C252629A61100923106 /* Application */,
			);
			path = PMS;
			sourceTree = "<group>";
		};
		D94AC7832524D2D3002CCB3A /* Preview Content */ = {
			isa = PBXGroup;
			children = (
				D94AC7842524D2D3002CCB3A /* Preview Assets.xcassets */,
			);
			path = "Preview Content";
			sourceTree = "<group>";
		};
		D94AC7912524D2D3002CCB3A /* PMSTests */ = {
			isa = PBXGroup;
			children = (
				D94AC7922524D2D3002CCB3A /* PMSTests.swift */,
				D94AC7942524D2D3002CCB3A /* Info.plist */,
			);
			path = PMSTests;
			sourceTree = "<group>";
		};
		D94AC79C2524D2D3002CCB3A /* PMSUITests */ = {
			isa = PBXGroup;
			children = (
				D9721F6925F8BA4B00EB92E8 /* SnapshotHelper.swift */,
				D94AC79D2524D2D3002CCB3A /* PMSUITests.swift */,
				D94AC79F2524D2D3002CCB3A /* Info.plist */,
				D9D8927725FF4A6800A1D5DC /* Entitlements.plist */,
			);
			path = PMSUITests;
			sourceTree = "<group>";
		};
		D9CEEBFC262C5BDB002F9566 /* DI */ = {
			isa = PBXGroup;
			children = (
				D9CEEBFD262C5BF1002F9566 /* AppDI.swift */,
				D9CEEC08262C5C5C002F9566 /* MypageDI.swift */,
				D9CF91BB262D50D3000A37C9 /* LoginDI.swift */,
				D91F336B262DB32F00E87F47 /* MealDI.swift */,
				D91F338C262DC04800E87F47 /* IntroduceDI.swift */,
				D97B766926316ABB00C911A1 /* NoticeDI.swift */,
				D9A6F8B126329D0D00F1E61D /* CalendarDI.swift */,
			);
			path = DI;
			sourceTree = "<group>";
		};
/* End PBXGroup section */

/* Begin PBXNativeTarget section */
		D94AC7772524D2D0002CCB3A /* PMS */ = {
			isa = PBXNativeTarget;
			buildConfigurationList = D94AC7A22524D2D3002CCB3A /* Build configuration list for PBXNativeTarget "PMS" */;
			buildPhases = (
				8116C3FA37C70FE8F2891DDD /* [CP] Check Pods Manifest.lock */,
				D94AC7742524D2D0002CCB3A /* Sources */,
				D94AC7752524D2D0002CCB3A /* Frameworks */,
				D94AC7762524D2D0002CCB3A /* Resources */,
				D94AC7AB2524D38B002CCB3A /* ShellScript */,
				D9BE8C9E262FE252002664E1 /* Embed Frameworks */,
			);
			buildRules = (
			);
			dependencies = (
			);
			name = PMS;
			productName = PMS;
			productReference = D94AC7782524D2D0002CCB3A /* PMS.app */;
			productType = "com.apple.product-type.application";
		};
		D94AC78D2524D2D3002CCB3A /* PMSTests */ = {
			isa = PBXNativeTarget;
			buildConfigurationList = D94AC7A52524D2D3002CCB3A /* Build configuration list for PBXNativeTarget "PMSTests" */;
			buildPhases = (
				99EC09F83F324FFBD41659FD /* [CP] Check Pods Manifest.lock */,
				D94AC78A2524D2D3002CCB3A /* Sources */,
				D94AC78B2524D2D3002CCB3A /* Frameworks */,
				D94AC78C2524D2D3002CCB3A /* Resources */,
				D959981D25FE50C50034EA9B /* ShellScript */,
			);
			buildRules = (
			);
			dependencies = (
				D94AC7902524D2D3002CCB3A /* PBXTargetDependency */,
			);
			name = PMSTests;
			productName = PMSTests;
			productReference = D94AC78E2524D2D3002CCB3A /* PMSTests.xctest */;
			productType = "com.apple.product-type.bundle.unit-test";
		};
		D94AC7982524D2D3002CCB3A /* PMSUITests */ = {
			isa = PBXNativeTarget;
			buildConfigurationList = D94AC7A82524D2D3002CCB3A /* Build configuration list for PBXNativeTarget "PMSUITests" */;
			buildPhases = (
				FFA2E370EA23A2DC681759C7 /* [CP] Check Pods Manifest.lock */,
				D94AC7952524D2D3002CCB3A /* Sources */,
				D94AC7962524D2D3002CCB3A /* Frameworks */,
				D94AC7972524D2D3002CCB3A /* Resources */,
				D959981E25FE50CE0034EA9B /* ShellScript */,
			);
			buildRules = (
			);
			dependencies = (
				D94AC79B2524D2D3002CCB3A /* PBXTargetDependency */,
			);
			name = PMSUITests;
			productName = PMSUITests;
			productReference = D94AC7992524D2D3002CCB3A /* PMSUITests.xctest */;
			productType = "com.apple.product-type.bundle.ui-testing";
		};
/* End PBXNativeTarget section */

/* Begin PBXProject section */
		D94AC7702524D2D0002CCB3A /* Project object */ = {
			isa = PBXProject;
			attributes = {
				LastSwiftUpdateCheck = 1170;
				LastUpgradeCheck = 1220;
				ORGANIZATIONNAME = jge;
				TargetAttributes = {
					D94AC7772524D2D0002CCB3A = {
						CreatedOnToolsVersion = 11.7;
					};
					D94AC78D2524D2D3002CCB3A = {
						CreatedOnToolsVersion = 11.7;
						TestTargetID = D94AC7772524D2D0002CCB3A;
					};
					D94AC7982524D2D3002CCB3A = {
						CreatedOnToolsVersion = 11.7;
						TestTargetID = D94AC7772524D2D0002CCB3A;
					};
				};
			};
			buildConfigurationList = D94AC7732524D2D0002CCB3A /* Build configuration list for PBXProject "PMS" */;
			compatibilityVersion = "Xcode 9.3";
			developmentRegion = ko;
			hasScannedForEncodings = 0;
			knownRegions = (
				ko,
				Base,
			);
			mainGroup = D94AC76F2524D2D0002CCB3A;
			productRefGroup = D94AC7792524D2D0002CCB3A /* Products */;
			projectDirPath = "";
			projectRoot = "";
			targets = (
				D94AC7772524D2D0002CCB3A /* PMS */,
				D94AC78D2524D2D3002CCB3A /* PMSTests */,
				D94AC7982524D2D3002CCB3A /* PMSUITests */,
			);
		};
/* End PBXProject section */

/* Begin PBXResourcesBuildPhase section */
		D94AC7762524D2D0002CCB3A /* Resources */ = {
			isa = PBXResourcesBuildPhase;
			buildActionMask = 2147483647;
			files = (
				D94AC7882524D2D3002CCB3A /* LaunchScreen.storyboard in Resources */,
				D94AC7852524D2D3002CCB3A /* Preview Assets.xcassets in Resources */,
				D94AC7822524D2D3002CCB3A /* Assets.xcassets in Resources */,
			);
			runOnlyForDeploymentPostprocessing = 0;
		};
		D94AC78C2524D2D3002CCB3A /* Resources */ = {
			isa = PBXResourcesBuildPhase;
			buildActionMask = 2147483647;
			files = (
			);
			runOnlyForDeploymentPostprocessing = 0;
		};
		D94AC7972524D2D3002CCB3A /* Resources */ = {
			isa = PBXResourcesBuildPhase;
			buildActionMask = 2147483647;
			files = (
				D9D8927825FF4A6800A1D5DC /* Entitlements.plist in Resources */,
			);
			runOnlyForDeploymentPostprocessing = 0;
		};
/* End PBXResourcesBuildPhase section */

/* Begin PBXShellScriptBuildPhase section */
		8116C3FA37C70FE8F2891DDD /* [CP] Check Pods Manifest.lock */ = {
			isa = PBXShellScriptBuildPhase;
			buildActionMask = 2147483647;
			files = (
			);
			inputFileListPaths = (
			);
			inputPaths = (
				"${PODS_PODFILE_DIR_PATH}/Podfile.lock",
				"${PODS_ROOT}/Manifest.lock",
			);
			name = "[CP] Check Pods Manifest.lock";
			outputFileListPaths = (
			);
			outputPaths = (
				"$(DERIVED_FILE_DIR)/Pods-PMS-checkManifestLockResult.txt",
			);
			runOnlyForDeploymentPostprocessing = 0;
			shellPath = /bin/sh;
			shellScript = "diff \"${PODS_PODFILE_DIR_PATH}/Podfile.lock\" \"${PODS_ROOT}/Manifest.lock\" > /dev/null\nif [ $? != 0 ] ; then\n    # print error to STDERR\n    echo \"error: The sandbox is not in sync with the Podfile.lock. Run 'pod install' or update your CocoaPods installation.\" >&2\n    exit 1\nfi\n# This output is used by Xcode 'outputs' to avoid re-running this script phase.\necho \"SUCCESS\" > \"${SCRIPT_OUTPUT_FILE_0}\"\n";
			showEnvVarsInLog = 0;
		};
		99EC09F83F324FFBD41659FD /* [CP] Check Pods Manifest.lock */ = {
			isa = PBXShellScriptBuildPhase;
			buildActionMask = 2147483647;
			files = (
			);
			inputFileListPaths = (
			);
			inputPaths = (
				"${PODS_PODFILE_DIR_PATH}/Podfile.lock",
				"${PODS_ROOT}/Manifest.lock",
			);
			name = "[CP] Check Pods Manifest.lock";
			outputFileListPaths = (
			);
			outputPaths = (
				"$(DERIVED_FILE_DIR)/Pods-PMSTests-checkManifestLockResult.txt",
			);
			runOnlyForDeploymentPostprocessing = 0;
			shellPath = /bin/sh;
			shellScript = "diff \"${PODS_PODFILE_DIR_PATH}/Podfile.lock\" \"${PODS_ROOT}/Manifest.lock\" > /dev/null\nif [ $? != 0 ] ; then\n    # print error to STDERR\n    echo \"error: The sandbox is not in sync with the Podfile.lock. Run 'pod install' or update your CocoaPods installation.\" >&2\n    exit 1\nfi\n# This output is used by Xcode 'outputs' to avoid re-running this script phase.\necho \"SUCCESS\" > \"${SCRIPT_OUTPUT_FILE_0}\"\n";
			showEnvVarsInLog = 0;
		};
		D94AC7AB2524D38B002CCB3A /* ShellScript */ = {
			isa = PBXShellScriptBuildPhase;
			buildActionMask = 2147483647;
			files = (
			);
			inputFileListPaths = (
			);
			inputPaths = (
			);
			outputFileListPaths = (
			);
			outputPaths = (
			);
			runOnlyForDeploymentPostprocessing = 0;
			shellPath = /bin/sh;
			shellScript = "${PODS_ROOT}/SwiftLint/swiftlint autocorrect\n";
		};
		D959981D25FE50C50034EA9B /* ShellScript */ = {
			isa = PBXShellScriptBuildPhase;
			buildActionMask = 2147483647;
			files = (
			);
			inputFileListPaths = (
			);
			inputPaths = (
			);
			outputFileListPaths = (
			);
			outputPaths = (
			);
			runOnlyForDeploymentPostprocessing = 0;
			shellPath = /bin/sh;
			shellScript = "${PODS_ROOT}/SwiftLint/swiftlint autocorrect\n";
		};
		D959981E25FE50CE0034EA9B /* ShellScript */ = {
			isa = PBXShellScriptBuildPhase;
			buildActionMask = 2147483647;
			files = (
			);
			inputFileListPaths = (
			);
			inputPaths = (
			);
			outputFileListPaths = (
			);
			outputPaths = (
			);
			runOnlyForDeploymentPostprocessing = 0;
			shellPath = /bin/sh;
			shellScript = "${PODS_ROOT}/SwiftLint/swiftlint autocorrect\n";
		};
		FFA2E370EA23A2DC681759C7 /* [CP] Check Pods Manifest.lock */ = {
			isa = PBXShellScriptBuildPhase;
			buildActionMask = 2147483647;
			files = (
			);
			inputFileListPaths = (
			);
			inputPaths = (
				"${PODS_PODFILE_DIR_PATH}/Podfile.lock",
				"${PODS_ROOT}/Manifest.lock",
			);
			name = "[CP] Check Pods Manifest.lock";
			outputFileListPaths = (
			);
			outputPaths = (
				"$(DERIVED_FILE_DIR)/Pods-PMS-PMSUITests-checkManifestLockResult.txt",
			);
			runOnlyForDeploymentPostprocessing = 0;
			shellPath = /bin/sh;
			shellScript = "diff \"${PODS_PODFILE_DIR_PATH}/Podfile.lock\" \"${PODS_ROOT}/Manifest.lock\" > /dev/null\nif [ $? != 0 ] ; then\n    # print error to STDERR\n    echo \"error: The sandbox is not in sync with the Podfile.lock. Run 'pod install' or update your CocoaPods installation.\" >&2\n    exit 1\nfi\n# This output is used by Xcode 'outputs' to avoid re-running this script phase.\necho \"SUCCESS\" > \"${SCRIPT_OUTPUT_FILE_0}\"\n";
			showEnvVarsInLog = 0;
		};
/* End PBXShellScriptBuildPhase section */

/* Begin PBXSourcesBuildPhase section */
		D94AC7742524D2D0002CCB3A /* Sources */ = {
			isa = PBXSourcesBuildPhase;
			buildActionMask = 2147483647;
			files = (
				D94AC77E2524D2D0002CCB3A /* SceneDelegate.swift in Sources */,
				D9CEEBFE262C5BF1002F9566 /* AppDI.swift in Sources */,
				D9CF91BC262D50D3000A37C9 /* LoginDI.swift in Sources */,
				D9CEEC09262C5C5C002F9566 /* MypageDI.swift in Sources */,
				D9CF9185262D1FC1000A37C9 /* AppDelegate.swift in Sources */,
				D9BD706E2532A02100186C12 /* ContentView.swift in Sources */,
				D97B766A26316ABB00C911A1 /* NoticeDI.swift in Sources */,
				D91F338D262DC04800E87F47 /* IntroduceDI.swift in Sources */,
				D9A6F8B226329D0D00F1E61D /* CalendarDI.swift in Sources */,
				D91F336C262DB32F00E87F47 /* MealDI.swift in Sources */,
			);
			runOnlyForDeploymentPostprocessing = 0;
		};
		D94AC78A2524D2D3002CCB3A /* Sources */ = {
			isa = PBXSourcesBuildPhase;
			buildActionMask = 2147483647;
			files = (
				D94AC7932524D2D3002CCB3A /* PMSTests.swift in Sources */,
			);
			runOnlyForDeploymentPostprocessing = 0;
		};
		D94AC7952524D2D3002CCB3A /* Sources */ = {
			isa = PBXSourcesBuildPhase;
			buildActionMask = 2147483647;
			files = (
				D94AC79E2524D2D3002CCB3A /* PMSUITests.swift in Sources */,
				D9721F6A25F8BA4B00EB92E8 /* SnapshotHelper.swift in Sources */,
			);
			runOnlyForDeploymentPostprocessing = 0;
		};
/* End PBXSourcesBuildPhase section */

/* Begin PBXTargetDependency section */
		D94AC7902524D2D3002CCB3A /* PBXTargetDependency */ = {
			isa = PBXTargetDependency;
			target = D94AC7772524D2D0002CCB3A /* PMS */;
			targetProxy = D94AC78F2524D2D3002CCB3A /* PBXContainerItemProxy */;
		};
		D94AC79B2524D2D3002CCB3A /* PBXTargetDependency */ = {
			isa = PBXTargetDependency;
			target = D94AC7772524D2D0002CCB3A /* PMS */;
			targetProxy = D94AC79A2524D2D3002CCB3A /* PBXContainerItemProxy */;
		};
/* End PBXTargetDependency section */

/* Begin PBXVariantGroup section */
		D94AC7862524D2D3002CCB3A /* LaunchScreen.storyboard */ = {
			isa = PBXVariantGroup;
			children = (
				D94AC7872524D2D3002CCB3A /* Base */,
			);
			name = LaunchScreen.storyboard;
			sourceTree = "<group>";
		};
/* End PBXVariantGroup section */

/* Begin XCBuildConfiguration section */
		D94AC7A02524D2D3002CCB3A /* Debug */ = {
			isa = XCBuildConfiguration;
			buildSettings = {
				ALWAYS_SEARCH_USER_PATHS = NO;
				CLANG_ANALYZER_LOCALIZABILITY_NONLOCALIZED = YES;
				CLANG_ANALYZER_NONNULL = YES;
				CLANG_ANALYZER_NUMBER_OBJECT_CONVERSION = YES_AGGRESSIVE;
				CLANG_CXX_LANGUAGE_STANDARD = "gnu++14";
				CLANG_CXX_LIBRARY = "libc++";
				CLANG_ENABLE_MODULES = YES;
				CLANG_ENABLE_OBJC_ARC = YES;
				CLANG_ENABLE_OBJC_WEAK = YES;
				CLANG_WARN_BLOCK_CAPTURE_AUTORELEASING = YES;
				CLANG_WARN_BOOL_CONVERSION = YES;
				CLANG_WARN_COMMA = YES;
				CLANG_WARN_CONSTANT_CONVERSION = YES;
				CLANG_WARN_DEPRECATED_OBJC_IMPLEMENTATIONS = YES;
				CLANG_WARN_DIRECT_OBJC_ISA_USAGE = YES_ERROR;
				CLANG_WARN_DOCUMENTATION_COMMENTS = YES;
				CLANG_WARN_EMPTY_BODY = YES;
				CLANG_WARN_ENUM_CONVERSION = YES;
				CLANG_WARN_INFINITE_RECURSION = YES;
				CLANG_WARN_INT_CONVERSION = YES;
				CLANG_WARN_NON_LITERAL_NULL_CONVERSION = YES;
				CLANG_WARN_OBJC_IMPLICIT_RETAIN_SELF = YES;
				CLANG_WARN_OBJC_LITERAL_CONVERSION = YES;
				CLANG_WARN_OBJC_ROOT_CLASS = YES_ERROR;
				CLANG_WARN_QUOTED_INCLUDE_IN_FRAMEWORK_HEADER = YES;
				CLANG_WARN_RANGE_LOOP_ANALYSIS = YES;
				CLANG_WARN_STRICT_PROTOTYPES = YES;
				CLANG_WARN_SUSPICIOUS_MOVE = YES;
				CLANG_WARN_UNGUARDED_AVAILABILITY = YES_AGGRESSIVE;
				CLANG_WARN_UNREACHABLE_CODE = YES;
				CLANG_WARN__DUPLICATE_METHOD_MATCH = YES;
				CODE_SIGN_IDENTITY = "iPhone Developer";
				COPY_PHASE_STRIP = NO;
				DEBUG_INFORMATION_FORMAT = dwarf;
				DEVELOPMENT_TEAM = Z25H7B85Z8;
				ENABLE_STRICT_OBJC_MSGSEND = YES;
				ENABLE_TESTABILITY = YES;
				GCC_C_LANGUAGE_STANDARD = gnu11;
				GCC_DYNAMIC_NO_PIC = NO;
				GCC_NO_COMMON_BLOCKS = YES;
				GCC_OPTIMIZATION_LEVEL = 0;
				GCC_PREPROCESSOR_DEFINITIONS = (
					"DEBUG=1",
					"$(inherited)",
				);
				GCC_WARN_64_TO_32_BIT_CONVERSION = YES;
				GCC_WARN_ABOUT_RETURN_TYPE = YES_ERROR;
				GCC_WARN_UNDECLARED_SELECTOR = YES;
				GCC_WARN_UNINITIALIZED_AUTOS = YES_AGGRESSIVE;
				GCC_WARN_UNUSED_FUNCTION = YES;
				GCC_WARN_UNUSED_VARIABLE = YES;
				IPHONEOS_DEPLOYMENT_TARGET = 13.0;
				MTL_ENABLE_DEBUG_INFO = INCLUDE_SOURCE;
				MTL_FAST_MATH = YES;
				ONLY_ACTIVE_ARCH = YES;
				SDKROOT = iphoneos;
				SWIFT_ACTIVE_COMPILATION_CONDITIONS = DEBUG;
				SWIFT_OPTIMIZATION_LEVEL = "-Onone";
			};
			name = Debug;
		};
		D94AC7A12524D2D3002CCB3A /* Release */ = {
			isa = XCBuildConfiguration;
			buildSettings = {
				ALWAYS_SEARCH_USER_PATHS = NO;
				CLANG_ANALYZER_LOCALIZABILITY_NONLOCALIZED = YES;
				CLANG_ANALYZER_NONNULL = YES;
				CLANG_ANALYZER_NUMBER_OBJECT_CONVERSION = YES_AGGRESSIVE;
				CLANG_CXX_LANGUAGE_STANDARD = "gnu++14";
				CLANG_CXX_LIBRARY = "libc++";
				CLANG_ENABLE_MODULES = YES;
				CLANG_ENABLE_OBJC_ARC = YES;
				CLANG_ENABLE_OBJC_WEAK = YES;
				CLANG_WARN_BLOCK_CAPTURE_AUTORELEASING = YES;
				CLANG_WARN_BOOL_CONVERSION = YES;
				CLANG_WARN_COMMA = YES;
				CLANG_WARN_CONSTANT_CONVERSION = YES;
				CLANG_WARN_DEPRECATED_OBJC_IMPLEMENTATIONS = YES;
				CLANG_WARN_DIRECT_OBJC_ISA_USAGE = YES_ERROR;
				CLANG_WARN_DOCUMENTATION_COMMENTS = YES;
				CLANG_WARN_EMPTY_BODY = YES;
				CLANG_WARN_ENUM_CONVERSION = YES;
				CLANG_WARN_INFINITE_RECURSION = YES;
				CLANG_WARN_INT_CONVERSION = YES;
				CLANG_WARN_NON_LITERAL_NULL_CONVERSION = YES;
				CLANG_WARN_OBJC_IMPLICIT_RETAIN_SELF = YES;
				CLANG_WARN_OBJC_LITERAL_CONVERSION = YES;
				CLANG_WARN_OBJC_ROOT_CLASS = YES_ERROR;
				CLANG_WARN_QUOTED_INCLUDE_IN_FRAMEWORK_HEADER = YES;
				CLANG_WARN_RANGE_LOOP_ANALYSIS = YES;
				CLANG_WARN_STRICT_PROTOTYPES = YES;
				CLANG_WARN_SUSPICIOUS_MOVE = YES;
				CLANG_WARN_UNGUARDED_AVAILABILITY = YES_AGGRESSIVE;
				CLANG_WARN_UNREACHABLE_CODE = YES;
				CLANG_WARN__DUPLICATE_METHOD_MATCH = YES;
				CODE_SIGN_IDENTITY = "iPhone Developer";
				COPY_PHASE_STRIP = NO;
				DEBUG_INFORMATION_FORMAT = "dwarf-with-dsym";
				DEVELOPMENT_TEAM = Z25H7B85Z8;
				ENABLE_NS_ASSERTIONS = NO;
				ENABLE_STRICT_OBJC_MSGSEND = YES;
				GCC_C_LANGUAGE_STANDARD = gnu11;
				GCC_NO_COMMON_BLOCKS = YES;
				GCC_WARN_64_TO_32_BIT_CONVERSION = YES;
				GCC_WARN_ABOUT_RETURN_TYPE = YES_ERROR;
				GCC_WARN_UNDECLARED_SELECTOR = YES;
				GCC_WARN_UNINITIALIZED_AUTOS = YES_AGGRESSIVE;
				GCC_WARN_UNUSED_FUNCTION = YES;
				GCC_WARN_UNUSED_VARIABLE = YES;
				IPHONEOS_DEPLOYMENT_TARGET = 13.0;
				MTL_ENABLE_DEBUG_INFO = NO;
				MTL_FAST_MATH = YES;
				SDKROOT = iphoneos;
				SWIFT_COMPILATION_MODE = wholemodule;
				SWIFT_OPTIMIZATION_LEVEL = "-O";
				VALIDATE_PRODUCT = YES;
			};
			name = Release;
		};
		D94AC7A32524D2D3002CCB3A /* Debug */ = {
			isa = XCBuildConfiguration;
			baseConfigurationReference = 5C7E763583EB67608915121F /* Pods-PMS.debug.xcconfig */;
			buildSettings = {
				ASSETCATALOG_COMPILER_APPICON_NAME = AppIcon;
				CODE_SIGN_ENTITLEMENTS = PMS/Resource/PMS.entitlements;
				CODE_SIGN_IDENTITY = "iPhone Distribution";
				CODE_SIGN_STYLE = Manual;
				CURRENT_PROJECT_VERSION = 16;
				DEVELOPMENT_ASSET_PATHS = "\"PMS/Resource/Preview Content\"";
				DEVELOPMENT_TEAM = Z25H7B85Z8;
				ENABLE_PREVIEWS = YES;
				INFOPLIST_FILE = PMS/Resource/Info.plist;
				LD_RUNPATH_SEARCH_PATHS = (
					"$(inherited)",
					"@executable_path/Frameworks",
				);
				MARKETING_VERSION = 1.0;
				PRODUCT_BUNDLE_IDENTIFIER = com.dms.PMS;
				PRODUCT_NAME = "$(TARGET_NAME)";
				PROVISIONING_PROFILE_SPECIFIER = "match AppStore com.dms.PMS";
				SWIFT_VERSION = 5.0;
				TARGETED_DEVICE_FAMILY = "1,2";
				VERSIONING_SYSTEM = "apple-generic";
			};
			name = Debug;
		};
		D94AC7A42524D2D3002CCB3A /* Release */ = {
			isa = XCBuildConfiguration;
			baseConfigurationReference = F1725CD0E5983DECD875E0AD /* Pods-PMS.release.xcconfig */;
			buildSettings = {
				ASSETCATALOG_COMPILER_APPICON_NAME = AppIcon;
				CODE_SIGN_ENTITLEMENTS = PMS/Resource/PMS.entitlements;
				CODE_SIGN_IDENTITY = "iPhone Distribution";
				CODE_SIGN_STYLE = Manual;
				CURRENT_PROJECT_VERSION = 16;
				DEVELOPMENT_ASSET_PATHS = "\"PMS/Resource/Preview Content\"";
				DEVELOPMENT_TEAM = Z25H7B85Z8;
				ENABLE_PREVIEWS = YES;
				ENABLE_TESTABILITY = YES;
				INFOPLIST_FILE = PMS/Resource/Info.plist;
				LD_RUNPATH_SEARCH_PATHS = (
					"$(inherited)",
					"@executable_path/Frameworks",
				);
				MARKETING_VERSION = 1.0;
				ONLY_ACTIVE_ARCH = YES;
				PRODUCT_BUNDLE_IDENTIFIER = com.dms.PMS;
				PRODUCT_NAME = "$(TARGET_NAME)";
				PROVISIONING_PROFILE_SPECIFIER = "match AppStore com.dms.PMS";
				SWIFT_VERSION = 5.0;
				TARGETED_DEVICE_FAMILY = "1,2";
				VERSIONING_SYSTEM = "apple-generic";
			};
			name = Release;
		};
		D94AC7A62524D2D3002CCB3A /* Debug */ = {
			isa = XCBuildConfiguration;
			baseConfigurationReference = 00EE135D65D1B59C252F8E67 /* Pods-PMSTests.debug.xcconfig */;
			buildSettings = {
				ALWAYS_EMBED_SWIFT_STANDARD_LIBRARIES = "$(inherited)";
				BUNDLE_LOADER = "$(TEST_HOST)";
				CODE_SIGN_IDENTITY = "Apple Development";
				"CODE_SIGN_IDENTITY[sdk=macosx*]" = "Apple Development";
				CODE_SIGN_STYLE = Automatic;
				DEVELOPMENT_TEAM = Z25H7B85Z8;
				INFOPLIST_FILE = PMSTests/Info.plist;
				IPHONEOS_DEPLOYMENT_TARGET = 13.7;
				LD_RUNPATH_SEARCH_PATHS = (
					"$(inherited)",
					"@executable_path/Frameworks",
					"@loader_path/Frameworks",
				);
				PRODUCT_BUNDLE_IDENTIFIER = com.dms.PMSTests;
				PRODUCT_NAME = "$(TARGET_NAME)";
				PROVISIONING_PROFILE_SPECIFIER = "";
				"PROVISIONING_PROFILE_SPECIFIER[sdk=macosx*]" = "";
				SWIFT_VERSION = 5.0;
				TARGETED_DEVICE_FAMILY = "1,2";
				TEST_HOST = "$(BUILT_PRODUCTS_DIR)/PMS.app/PMS";
				VALIDATE_PRODUCT = YES;
			};
			name = Debug;
		};
		D94AC7A72524D2D3002CCB3A /* Release */ = {
			isa = XCBuildConfiguration;
			baseConfigurationReference = D897394764333B2329DD2A97 /* Pods-PMSTests.release.xcconfig */;
			buildSettings = {
				ALWAYS_EMBED_SWIFT_STANDARD_LIBRARIES = "$(inherited)";
				BUNDLE_LOADER = "$(TEST_HOST)";
				CODE_SIGN_IDENTITY = "Apple Development";
				"CODE_SIGN_IDENTITY[sdk=macosx*]" = "Apple Development";
				CODE_SIGN_STYLE = Automatic;
				DEVELOPMENT_TEAM = Z25H7B85Z8;
				ENABLE_TESTABILITY = YES;
				INFOPLIST_FILE = PMSTests/Info.plist;
				IPHONEOS_DEPLOYMENT_TARGET = 13.7;
				LD_RUNPATH_SEARCH_PATHS = (
					"$(inherited)",
					"@executable_path/Frameworks",
					"@loader_path/Frameworks",
				);
				ONLY_ACTIVE_ARCH = YES;
				PRODUCT_BUNDLE_IDENTIFIER = com.dms.PMSTests;
				PRODUCT_NAME = "$(TARGET_NAME)";
				PROVISIONING_PROFILE_SPECIFIER = "";
				"PROVISIONING_PROFILE_SPECIFIER[sdk=macosx*]" = "";
				SWIFT_VERSION = 5.0;
				TARGETED_DEVICE_FAMILY = "1,2";
				TEST_HOST = "$(BUILT_PRODUCTS_DIR)/PMS.app/PMS";
			};
			name = Release;
		};
		D94AC7A92524D2D3002CCB3A /* Debug */ = {
			isa = XCBuildConfiguration;
			baseConfigurationReference = FF4EF3541F2F70DDA89482A6 /* Pods-PMS-PMSUITests.debug.xcconfig */;
			buildSettings = {
				ALWAYS_EMBED_SWIFT_STANDARD_LIBRARIES = "$(inherited)";
				CODE_SIGN_IDENTITY = "Apple Development";
				"CODE_SIGN_IDENTITY[sdk=macosx*]" = "Apple Development";
				CODE_SIGN_STYLE = Automatic;
				DEVELOPMENT_TEAM = Z25H7B85Z8;
				INFOPLIST_FILE = PMSUITests/Info.plist;
				LD_RUNPATH_SEARCH_PATHS = (
					"$(inherited)",
					"@executable_path/Frameworks",
					"@loader_path/Frameworks",
				);
				PRODUCT_BUNDLE_IDENTIFIER = com.dms.PMSUITests;
				PRODUCT_NAME = "$(TARGET_NAME)";
				PROVISIONING_PROFILE_SPECIFIER = "";
				"PROVISIONING_PROFILE_SPECIFIER[sdk=macosx*]" = "";
				SWIFT_VERSION = 5.0;
				TARGETED_DEVICE_FAMILY = "1,2";
				TEST_TARGET_NAME = PMS;
				VALIDATE_PRODUCT = YES;
			};
			name = Debug;
		};
		D94AC7AA2524D2D3002CCB3A /* Release */ = {
			isa = XCBuildConfiguration;
			baseConfigurationReference = 7F79DC1AAD2D755376E03DE6 /* Pods-PMS-PMSUITests.release.xcconfig */;
			buildSettings = {
				ALWAYS_EMBED_SWIFT_STANDARD_LIBRARIES = "$(inherited)";
				CODE_SIGN_IDENTITY = "Apple Development";
				"CODE_SIGN_IDENTITY[sdk=macosx*]" = "Apple Development";
				CODE_SIGN_STYLE = Automatic;
				DEVELOPMENT_TEAM = Z25H7B85Z8;
				ENABLE_TESTABILITY = YES;
				INFOPLIST_FILE = PMSUITests/Info.plist;
				LD_RUNPATH_SEARCH_PATHS = (
					"$(inherited)",
					"@executable_path/Frameworks",
					"@loader_path/Frameworks",
				);
				ONLY_ACTIVE_ARCH = YES;
				PRODUCT_BUNDLE_IDENTIFIER = com.dms.PMSUITests;
				PRODUCT_NAME = "$(TARGET_NAME)";
				PROVISIONING_PROFILE_SPECIFIER = "";
				"PROVISIONING_PROFILE_SPECIFIER[sdk=macosx*]" = "";
				SWIFT_VERSION = 5.0;
				TARGETED_DEVICE_FAMILY = "1,2";
				TEST_TARGET_NAME = PMS;
			};
			name = Release;
		};
/* End XCBuildConfiguration section */

/* Begin XCConfigurationList section */
		D94AC7732524D2D0002CCB3A /* Build configuration list for PBXProject "PMS" */ = {
			isa = XCConfigurationList;
			buildConfigurations = (
				D94AC7A02524D2D3002CCB3A /* Debug */,
				D94AC7A12524D2D3002CCB3A /* Release */,
			);
			defaultConfigurationIsVisible = 0;
			defaultConfigurationName = Release;
		};
		D94AC7A22524D2D3002CCB3A /* Build configuration list for PBXNativeTarget "PMS" */ = {
			isa = XCConfigurationList;
			buildConfigurations = (
				D94AC7A32524D2D3002CCB3A /* Debug */,
				D94AC7A42524D2D3002CCB3A /* Release */,
			);
			defaultConfigurationIsVisible = 0;
			defaultConfigurationName = Release;
		};
		D94AC7A52524D2D3002CCB3A /* Build configuration list for PBXNativeTarget "PMSTests" */ = {
			isa = XCConfigurationList;
			buildConfigurations = (
				D94AC7A62524D2D3002CCB3A /* Debug */,
				D94AC7A72524D2D3002CCB3A /* Release */,
			);
			defaultConfigurationIsVisible = 0;
			defaultConfigurationName = Release;
		};
		D94AC7A82524D2D3002CCB3A /* Build configuration list for PBXNativeTarget "PMSUITests" */ = {
			isa = XCConfigurationList;
			buildConfigurations = (
				D94AC7A92524D2D3002CCB3A /* Debug */,
				D94AC7AA2524D2D3002CCB3A /* Release */,
			);
			defaultConfigurationIsVisible = 0;
			defaultConfigurationName = Release;
		};
/* End XCConfigurationList section */
	};
	rootObject = D94AC7702524D2D0002CCB3A /* Project object */;
}
